<Solution>
  <Configurations>
    <Platform Name="x64" />
    <Platform Name="x86" />
  </Configurations>
  <Folder Name="/Элементы решения/">
    <File Path="Verify.py" />
  </Folder>
  <Project Path="Benchmark/Benchmark.vcxproj" />
  <Project Path="GenerateInput/GenerateInput.vcxproj" />
  <Project Path="MatrixMultiplication/MatrixMultiplication.vcxproj" />
</Solution>
